
Microsoft Visual Studio Solution File, Format Version 12.00
# Visual Studio Version 16
VisualStudioVersion = 16.0.30406.217
MinimumVisualStudioVersion = 15.0.26124.0
Project("{2150E333-8FDC-42A3-9474-1A3956D46DE8}") = "src", "src", "{6EE7C68C-65D9-4290-81AE-09BA58C857CD}"
EndProject
Project("{2150E333-8FDC-42A3-9474-1A3956D46DE8}") = "test", "test", "{6410CEE9-2A73-401D-B82C-2F3094573AFA}"
EndProject
Project("{2150E333-8FDC-42A3-9474-1A3956D46DE8}") = "example", "example", "{C3C9459E-1461-4480-B551-AAED7BDAD940}"
EndProject
Project("{9A19103F-16F7-4668-BE54-9A1E7A4F7556}") = "OpenSlideSharp", "src\OpenSlideSharp\OpenSlideSharp.csproj", "{E7479C1E-3DCC-47E4-98F5-B0E374889AC2}"
EndProject
Project("{9A19103F-16F7-4668-BE54-9A1E7A4F7556}") = "OpenSlideSharp.runtime.win", "src\OpenSlideSharp.runtime.win\OpenSlideSharp.runtime.win.csproj", "{93315949-7B59-46A7-902D-ABCA19F460C4}"
EndProject
Project("{9A19103F-16F7-4668-BE54-9A1E7A4F7556}") = "OpenSlideSharp.Windows", "src\OpenSlideSharp.Windows\OpenSlideSharp.Windows.csproj", "{37D35E20-EA6C-416F-B12C-1175C4A20927}"
EndProject
Project("{9A19103F-16F7-4668-BE54-9A1E7A4F7556}") = "OpenSlideSharp.Tests", "test\OpenSlideSharp.Tests\OpenSlideSharp.Tests.csproj", "{0C78EA42-C551-48CD-85ED-DAF6A7AF8E2D}"
EndProject
Project("{9A19103F-16F7-4668-BE54-9A1E7A4F7556}") = "MultiSlideServer", "example\MultiSlideServer\MultiSlideServer.csproj", "{BB31FBD4-8F4A-4C45-ABBE-B105709D950F}"
EndProject
Project("{9A19103F-16F7-4668-BE54-9A1E7A4F7556}") = "SingleSlideServer", "example\SingleSlideServer\SingleSlideServer.csproj", "{5AA46889-34FD-45B3-8DDB-6045BE1FBE87}"
EndProject
Project("{9A19103F-16F7-4668-BE54-9A1E7A4F7556}") = "OpenSlideSharp.BitmapExtensions", "src\OpenSlideSharp.BitmapExtensions\OpenSlideSharp.BitmapExtensions.csproj", "{695DED59-4106-424A-9831-2227F0B35BAE}"
EndProject
Project("{9A19103F-16F7-4668-BE54-9A1E7A4F7556}") = "OpenSlideSharp.BruTile", "src\OpenSlideSharp.BruTile\OpenSlideSharp.BruTile.csproj", "{9DA7F592-F964-45CB-9E2E-F8028AE3C956}"
EndProject
Project("{FAE04EC0-301F-11D3-BF4B-00C04F79EFBC}") = "SlideViewer", "example\SlideViewer\SlideViewer.csproj", "{11D9A92F-2314-407B-A392-18B2290E4972}"
EndProject
Global
	GlobalSection(SolutionConfigurationPlatforms) = preSolution
		Debug|Any CPU = Debug|Any CPU
		Release|Any CPU = Release|Any CPU
	EndGlobalSection
	GlobalSection(ProjectConfigurationPlatforms) = postSolution
		{E7479C1E-3DCC-47E4-98F5-B0E374889AC2}.Debug|Any CPU.ActiveCfg = Debug|Any CPU
		{E7479C1E-3DCC-47E4-98F5-B0E374889AC2}.Debug|Any CPU.Build.0 = Debug|Any CPU
		{E7479C1E-3DCC-47E4-98F5-B0E374889AC2}.Release|Any CPU.ActiveCfg = Release|Any CPU
		{E7479C1E-3DCC-47E4-98F5-B0E374889AC2}.Release|Any CPU.Build.0 = Release|Any CPU
		{93315949-7B59-46A7-902D-ABCA19F460C4}.Debug|Any CPU.ActiveCfg = Debug|Any CPU
		{93315949-7B59-46A7-902D-ABCA19F460C4}.Debug|Any CPU.Build.0 = Debug|Any CPU
		{93315949-7B59-46A7-902D-ABCA19F460C4}.Release|Any CPU.ActiveCfg = Release|Any CPU
		{93315949-7B59-46A7-902D-ABCA19F460C4}.Release|Any CPU.Build.0 = Release|Any CPU
		{37D35E20-EA6C-416F-B12C-1175C4A20927}.Debug|Any CPU.ActiveCfg = Debug|Any CPU
		{37D35E20-EA6C-416F-B12C-1175C4A20927}.Debug|Any CPU.Build.0 = Debug|Any CPU
		{37D35E20-EA6C-416F-B12C-1175C4A20927}.Release|Any CPU.ActiveCfg = Release|Any CPU
		{37D35E20-EA6C-416F-B12C-1175C4A20927}.Release|Any CPU.Build.0 = Release|Any CPU
		{0C78EA42-C551-48CD-85ED-DAF6A7AF8E2D}.Debug|Any CPU.ActiveCfg = Debug|Any CPU
		{0C78EA42-C551-48CD-85ED-DAF6A7AF8E2D}.Debug|Any CPU.Build.0 = Debug|Any CPU
		{0C78EA42-C551-48CD-85ED-DAF6A7AF8E2D}.Release|Any CPU.ActiveCfg = Release|Any CPU
		{0C78EA42-C551-48CD-85ED-DAF6A7AF8E2D}.Release|Any CPU.Build.0 = Release|Any CPU
		{BB31FBD4-8F4A-4C45-ABBE-B105709D950F}.Debug|Any CPU.ActiveCfg = Debug|Any CPU
		{BB31FBD4-8F4A-4C45-ABBE-B105709D950F}.Debug|Any CPU.Build.0 = Debug|Any CPU
		{BB31FBD4-8F4A-4C45-ABBE-B105709D950F}.Release|Any CPU.ActiveCfg = Release|Any CPU
		{BB31FBD4-8F4A-4C45-ABBE-B105709D950F}.Release|Any CPU.Build.0 = Release|Any CPU
		{5AA46889-34FD-45B3-8DDB-6045BE1FBE87}.Debug|Any CPU.ActiveCfg = Debug|Any CPU
		{5AA46889-34FD-45B3-8DDB-6045BE1FBE87}.Debug|Any CPU.Build.0 = Debug|Any CPU
		{5AA46889-34FD-45B3-8DDB-6045BE1FBE87}.Release|Any CPU.ActiveCfg = Release|Any CPU
		{5AA46889-34FD-45B3-8DDB-6045BE1FBE87}.Release|Any CPU.Build.0 = Release|Any CPU
		{695DED59-4106-424A-9831-2227F0B35BAE}.Debug|Any CPU.ActiveCfg = Debug|Any CPU
		{695DED59-4106-424A-9831-2227F0B35BAE}.Debug|Any CPU.Build.0 = Debug|Any CPU
		{695DED59-4106-424A-9831-2227F0B35BAE}.Release|Any CPU.ActiveCfg = Release|Any CPU
		{695DED59-4106-424A-9831-2227F0B35BAE}.Release|Any CPU.Build.0 = Release|Any CPU
		{9DA7F592-F964-45CB-9E2E-F8028AE3C956}.Debug|Any CPU.ActiveCfg = Debug|Any CPU
		{9DA7F592-F964-45CB-9E2E-F8028AE3C956}.Debug|Any CPU.Build.0 = Debug|Any CPU
		{9DA7F592-F964-45CB-9E2E-F8028AE3C956}.Release|Any CPU.ActiveCfg = Release|Any CPU
		{9DA7F592-F964-45CB-9E2E-F8028AE3C956}.Release|Any CPU.Build.0 = Release|Any CPU
		{11D9A92F-2314-407B-A392-18B2290E4972}.Debug|Any CPU.ActiveCfg = Debug|Any CPU
		{11D9A92F-2314-407B-A392-18B2290E4972}.Debug|Any CPU.Build.0 = Debug|Any CPU
		{11D9A92F-2314-407B-A392-18B2290E4972}.Release|Any CPU.ActiveCfg = Release|Any CPU
		{11D9A92F-2314-407B-A392-18B2290E4972}.Release|Any CPU.Build.0 = Release|Any CPU
	EndGlobalSection
	GlobalSection(SolutionProperties) = preSolution
		HideSolutionNode = FALSE
	EndGlobalSection
	GlobalSection(NestedProjects) = preSolution
		{E7479C1E-3DCC-47E4-98F5-B0E374889AC2} = {6EE7C68C-65D9-4290-81AE-09BA58C857CD}
		{93315949-7B59-46A7-902D-ABCA19F460C4} = {6EE7C68C-65D9-4290-81AE-09BA58C857CD}
		{37D35E20-EA6C-416F-B12C-1175C4A20927} = {6EE7C68C-65D9-4290-81AE-09BA58C857CD}
		{0C78EA42-C551-48CD-85ED-DAF6A7AF8E2D} = {6410CEE9-2A73-401D-B82C-2F3094573AFA}
		{BB31FBD4-8F4A-4C45-ABBE-B105709D950F} = {C3C9459E-1461-4480-B551-AAED7BDAD940}
		{5AA46889-34FD-45B3-8DDB-6045BE1FBE87} = {C3C9459E-1461-4480-B551-AAED7BDAD940}
		{695DED59-4106-424A-9831-2227F0B35BAE} = {6EE7C68C-65D9-4290-81AE-09BA58C857CD}
		{9DA7F592-F964-45CB-9E2E-F8028AE3C956} = {6EE7C68C-65D9-4290-81AE-09BA58C857CD}
		{11D9A92F-2314-407B-A392-18B2290E4972} = {C3C9459E-1461-4480-B551-AAED7BDAD940}
	EndGlobalSection
	GlobalSection(ExtensibilityGlobals) = postSolution
		SolutionGuid = {6D55D41F-7887-4787-BD15-17389C769282}
	EndGlobalSection
EndGlobal
