
Microsoft Visual Studio Solution File, Format Version 12.00
# Visual Studio Version 16
VisualStudioVersion = 16.0.30406.217
MinimumVisualStudioVersion = 15.0.26124.0
Project("{2150E333-8FDC-42A3-9474-1A3956D46DE8}") = "src", "src", "{6EE7C68C-65D9-4290-81AE-09BA58C857CD}"
EndProject
Project("{2150E333-8FDC-42A3-9474-1A3956D46DE8}") = "test", "test", "{6410CEE9-2A73-401D-B82C-2F3094573AFA}"
EndProject
Project("{2150E333-8FDC-42A3-9474-1A3956D46DE8}") = "example", "example", "{C3C9459E-1461-4480-B551-AAED7BDAD940}"
EndProject
Project("{9A19103F-16F7-4668-BE54-9A1E7A4F7556}") = "OpenSlideSharp", "src\OpenSlideSharp\OpenSlideSharp.csproj", "{E7479C1E-3DCC-47E4-98F5-B0E374889AC2}"
EndProject
Project("{9A19103F-16F7-4668-BE54-9A1E7A4F7556}") = "SlideLibrary", "example\SlideLibrary\SlideLibrary.csproj", "{8B33B893-9265-4D84-B54C-C52C7951B0B7}"
EndProject
Project("{FAE04EC0-301F-11D3-BF4B-00C04F79EFBC}") = "SlideViewer", "example\SlideLibrary.Test\SlideViewer.csproj", "{3CB63897-5DE3-49FA-BB8F-DAF5CB8306BE}"
EndProject
Project("{9A19103F-16F7-4668-BE54-9A1E7A4F7556}") = "OpenSlideSharp.runtime.win", "src\OpenSlideSharp.runtime.win\OpenSlideSharp.runtime.win.csproj", "{93315949-7B59-46A7-902D-ABCA19F460C4}"
EndProject
Project("{9A19103F-16F7-4668-BE54-9A1E7A4F7556}") = "OpenSlideSharp.Windows", "src\OpenSlideSharp.Windows\OpenSlideSharp.Windows.csproj", "{37D35E20-EA6C-416F-B12C-1175C4A20927}"
EndProject
Project("{9A19103F-16F7-4668-BE54-9A1E7A4F7556}") = "OpenSlideSharp.Tests", "test\OpenSlideSharp.Tests\OpenSlideSharp.Tests.csproj", "{0C78EA42-C551-48CD-85ED-DAF6A7AF8E2D}"
EndProject
Global
	GlobalSection(SolutionConfigurationPlatforms) = preSolution
		Debug|Any CPU = Debug|Any CPU
		Release|Any CPU = Release|Any CPU
	EndGlobalSection
	GlobalSection(ProjectConfigurationPlatforms) = postSolution
		{E7479C1E-3DCC-47E4-98F5-B0E374889AC2}.Debug|Any CPU.ActiveCfg = Debug|Any CPU
		{E7479C1E-3DCC-47E4-98F5-B0E374889AC2}.Debug|Any CPU.Build.0 = Debug|Any CPU
		{E7479C1E-3DCC-47E4-98F5-B0E374889AC2}.Release|Any CPU.ActiveCfg = Release|Any CPU
		{E7479C1E-3DCC-47E4-98F5-B0E374889AC2}.Release|Any CPU.Build.0 = Release|Any CPU
		{8B33B893-9265-4D84-B54C-C52C7951B0B7}.Debug|Any CPU.ActiveCfg = Debug|Any CPU
		{8B33B893-9265-4D84-B54C-C52C7951B0B7}.Debug|Any CPU.Build.0 = Debug|Any CPU
		{8B33B893-9265-4D84-B54C-C52C7951B0B7}.Release|Any CPU.ActiveCfg = Release|Any CPU
		{8B33B893-9265-4D84-B54C-C52C7951B0B7}.Release|Any CPU.Build.0 = Release|Any CPU
		{3CB63897-5DE3-49FA-BB8F-DAF5CB8306BE}.Debug|Any CPU.ActiveCfg = Debug|Any CPU
		{3CB63897-5DE3-49FA-BB8F-DAF5CB8306BE}.Debug|Any CPU.Build.0 = Debug|Any CPU
		{3CB63897-5DE3-49FA-BB8F-DAF5CB8306BE}.Release|Any CPU.ActiveCfg = Release|Any CPU
		{3CB63897-5DE3-49FA-BB8F-DAF5CB8306BE}.Release|Any CPU.Build.0 = Release|Any CPU
		{93315949-7B59-46A7-902D-ABCA19F460C4}.Debug|Any CPU.ActiveCfg = Debug|Any CPU
		{93315949-7B59-46A7-902D-ABCA19F460C4}.Debug|Any CPU.Build.0 = Debug|Any CPU
		{93315949-7B59-46A7-902D-ABCA19F460C4}.Release|Any CPU.ActiveCfg = Release|Any CPU
		{93315949-7B59-46A7-902D-ABCA19F460C4}.Release|Any CPU.Build.0 = Release|Any CPU
		{37D35E20-EA6C-416F-B12C-1175C4A20927}.Debug|Any CPU.ActiveCfg = Debug|Any CPU
		{37D35E20-EA6C-416F-B12C-1175C4A20927}.Debug|Any CPU.Build.0 = Debug|Any CPU
		{37D35E20-EA6C-416F-B12C-1175C4A20927}.Release|Any CPU.ActiveCfg = Release|Any CPU
		{37D35E20-EA6C-416F-B12C-1175C4A20927}.Release|Any CPU.Build.0 = Release|Any CPU
		{0C78EA42-C551-48CD-85ED-DAF6A7AF8E2D}.Debug|Any CPU.ActiveCfg = Debug|Any CPU
		{0C78EA42-C551-48CD-85ED-DAF6A7AF8E2D}.Debug|Any CPU.Build.0 = Debug|Any CPU
		{0C78EA42-C551-48CD-85ED-DAF6A7AF8E2D}.Release|Any CPU.ActiveCfg = Release|Any CPU
		{0C78EA42-C551-48CD-85ED-DAF6A7AF8E2D}.Release|Any CPU.Build.0 = Release|Any CPU
	EndGlobalSection
	GlobalSection(SolutionProperties) = preSolution
		HideSolutionNode = FALSE
	EndGlobalSection
	GlobalSection(NestedProjects) = preSolution
		{E7479C1E-3DCC-47E4-98F5-B0E374889AC2} = {6EE7C68C-65D9-4290-81AE-09BA58C857CD}
		{8B33B893-9265-4D84-B54C-C52C7951B0B7} = {C3C9459E-1461-4480-B551-AAED7BDAD940}
		{3CB63897-5DE3-49FA-BB8F-DAF5CB8306BE} = {C3C9459E-1461-4480-B551-AAED7BDAD940}
		{93315949-7B59-46A7-902D-ABCA19F460C4} = {6EE7C68C-65D9-4290-81AE-09BA58C857CD}
		{37D35E20-EA6C-416F-B12C-1175C4A20927} = {6EE7C68C-65D9-4290-81AE-09BA58C857CD}
		{0C78EA42-C551-48CD-85ED-DAF6A7AF8E2D} = {6410CEE9-2A73-401D-B82C-2F3094573AFA}
	EndGlobalSection
	GlobalSection(ExtensibilityGlobals) = postSolution
		SolutionGuid = {6D55D41F-7887-4787-BD15-17389C769282}
	EndGlobalSection
EndGlobal
